{
	"name": "bootstrap5-snippets",
	"version": "1.2.4",
	"lockfileVersion": 1,
	"requires": true,
	"dependencies": {
		"json-concat": {
			"version": "0.0.1",
			"resolved": "https://registry.npmjs.org/json-concat/-/json-concat-0.0.1.tgz",
			"integrity": "sha1-T2MDycrJTrowu/+R0Tq+oBGMl+I=",
			"dev": true
		}
	}
}
